// !$*UTF8*$!
{
	archiveVersion = 1;
	classes = {
	};
	objectVersion = 56;
	objects = {

/* Begin PBXBuildFile section */
		A10001 /* WlanOptimizerIOSApp.swift in Sources */ = {isa = PBXBuildFile; fileRef = B10001 /* WlanOptimizerIOSApp.swift */; };
		A10002 /* DNSProvider.swift in Sources */ = {isa = PBXBuildFile; fileRef = B10002 /* DNSProvider.swift */; };
		A10003 /* PingTarget.swift in Sources */ = {isa = PBXBuildFile; fileRef = B10003 /* PingTarget.swift */; };
		A10004 /* BufferbloatResult.swift in Sources */ = {isa = PBXBuildFile; fileRef = B10004 /* BufferbloatResult.swift */; };
		A10005 /* NetworkStats.swift in Sources */ = {isa = PBXBuildFile; fileRef = B10005 /* NetworkStats.swift */; };
		A10006 /* DNSOptimizerService.swift in Sources */ = {isa = PBXBuildFile; fileRef = B10006 /* DNSOptimizerService.swift */; };
		A10007 /* PingMonitorService.swift in Sources */ = {isa = PBXBuildFile; fileRef = B10007 /* PingMonitorService.swift */; };
		A10008 /* BufferbloatService.swift in Sources */ = {isa = PBXBuildFile; fileRef = B10008 /* BufferbloatService.swift */; };
		A10009 /* NetworkDoctorService.swift in Sources */ = {isa = PBXBuildFile; fileRef = B10009 /* NetworkDoctorService.swift */; };
		A10010 /* PCBridgeService.swift in Sources */ = {isa = PBXBuildFile; fileRef = B10010 /* PCBridgeService.swift */; };
		A10011 /* TurboBoostViewModel.swift in Sources */ = {isa = PBXBuildFile; fileRef = B10011 /* TurboBoostViewModel.swift */; };
		A10012 /* PingHUDViewModel.swift in Sources */ = {isa = PBXBuildFile; fileRef = B10012 /* PingHUDViewModel.swift */; };
		A10013 /* DNSBenchmarkViewModel.swift in Sources */ = {isa = PBXBuildFile; fileRef = B10013 /* DNSBenchmarkViewModel.swift */; };
		A10014 /* BufferbloatViewModel.swift in Sources */ = {isa = PBXBuildFile; fileRef = B10014 /* BufferbloatViewModel.swift */; };
		A10015 /* PCBridgeViewModel.swift in Sources */ = {isa = PBXBuildFile; fileRef = B10015 /* PCBridgeViewModel.swift */; };
		A10016 /* GlassCard.swift in Sources */ = {isa = PBXBuildFile; fileRef = B10016 /* GlassCard.swift */; };
		A10017 /* GaugeRingView.swift in Sources */ = {isa = PBXBuildFile; fileRef = B10017 /* GaugeRingView.swift */; };
		A10018 /* TurboBoostView.swift in Sources */ = {isa = PBXBuildFile; fileRef = B10018 /* TurboBoostView.swift */; };
		A10019 /* LivePingHUDView.swift in Sources */ = {isa = PBXBuildFile; fileRef = B10019 /* LivePingHUDView.swift */; };
		A10020 /* DNSOptimizerView.swift in Sources */ = {isa = PBXBuildFile; fileRef = B10020 /* DNSOptimizerView.swift */; };
		A10021 /* BufferbloatView.swift in Sources */ = {isa = PBXBuildFile; fileRef = B10021 /* BufferbloatView.swift */; };
		A10022 /* PCBridgeView.swift in Sources */ = {isa = PBXBuildFile; fileRef = B10022 /* PCBridgeView.swift */; };
		A10023 /* NetworkDoctorView.swift in Sources */ = {isa = PBXBuildFile; fileRef = B10023 /* NetworkDoctorView.swift */; };
		A10024 /* MainTabView.swift in Sources */ = {isa = PBXBuildFile; fileRef = B10024 /* MainTabView.swift */; };
		A10025 /* Assets.xcassets in Resources */ = {isa = PBXBuildFile; fileRef = B10025 /* Assets.xcassets */; };
/* End PBXBuildFile section */

/* Begin PBXFileReference section */
		C10001 /* WlanOptimizerIOS.app */ = {isa = PBXFileReference; explicitFileType = wrapper.application; includeInIndex = 0; path = WlanOptimizerIOS.app; sourceTree = BUILT_PRODUCTS_DIR; };
		B10001 /* WlanOptimizerIOSApp.swift */ = {isa = PBXFileReference; lastKnownFileType = sourcecode.swift; path = WlanOptimizerIOSApp.swift; sourceTree = "<group>"; };
		B10000 /* Info.plist */ = {isa = PBXFileReference; lastKnownFileType = text.plist.xml; path = Info.plist; sourceTree = "<group>"; };
		B10002 /* DNSProvider.swift */ = {isa = PBXFileReference; lastKnownFileType = sourcecode.swift; path = DNSProvider.swift; sourceTree = "<group>"; };
		B10003 /* PingTarget.swift */ = {isa = PBXFileReference; lastKnownFileType = sourcecode.swift; path = PingTarget.swift; sourceTree = "<group>"; };
		B10004 /* BufferbloatResult.swift */ = {isa = PBXFileReference; lastKnownFileType = sourcecode.swift; path = BufferbloatResult.swift; sourceTree = "<group>"; };
		B10005 /* NetworkStats.swift */ = {isa = PBXFileReference; lastKnownFileType = sourcecode.swift; path = NetworkStats.swift; sourceTree = "<group>"; };
		B10006 /* DNSOptimizerService.swift */ = {isa = PBXFileReference; lastKnownFileType = sourcecode.swift; path = DNSOptimizerService.swift; sourceTree = "<group>"; };
		B10007 /* PingMonitorService.swift */ = {isa = PBXFileReference; lastKnownFileType = sourcecode.swift; path = PingMonitorService.swift; sourceTree = "<group>"; };
		B10008 /* BufferbloatService.swift */ = {isa = PBXFileReference; lastKnownFileType = sourcecode.swift; path = BufferbloatService.swift; sourceTree = "<group>"; };
		B10009 /* NetworkDoctorService.swift */ = {isa = PBXFileReference; lastKnownFileType = sourcecode.swift; path = NetworkDoctorService.swift; sourceTree = "<group>"; };
		B10010 /* PCBridgeService.swift */ = {isa = PBXFileReference; lastKnownFileType = sourcecode.swift; path = PCBridgeService.swift; sourceTree = "<group>"; };
		B10011 /* TurboBoostViewModel.swift */ = {isa = PBXFileReference; lastKnownFileType = sourcecode.swift; path = TurboBoostViewModel.swift; sourceTree = "<group>"; };
		B10012 /* PingHUDViewModel.swift */ = {isa = PBXFileReference; lastKnownFileType = sourcecode.swift; path = PingHUDViewModel.swift; sourceTree = "<group>"; };
		B10013 /* DNSBenchmarkViewModel.swift */ = {isa = PBXFileReference; lastKnownFileType = sourcecode.swift; path = DNSBenchmarkViewModel.swift; sourceTree = "<group>"; };
		B10014 /* BufferbloatViewModel.swift */ = {isa = PBXFileReference; lastKnownFileType = sourcecode.swift; path = BufferbloatViewModel.swift; sourceTree = "<group>"; };
		B10015 /* PCBridgeViewModel.swift */ = {isa = PBXFileReference; lastKnownFileType = sourcecode.swift; path = PCBridgeViewModel.swift; sourceTree = "<group>"; };
		B10016 /* GlassCard.swift */ = {isa = PBXFileReference; lastKnownFileType = sourcecode.swift; path = GlassCard.swift; sourceTree = "<group>"; };
		B10017 /* GaugeRingView.swift */ = {isa = PBXFileReference; lastKnownFileType = sourcecode.swift; path = GaugeRingView.swift; sourceTree = "<group>"; };
		B10018 /* TurboBoostView.swift */ = {isa = PBXFileReference; lastKnownFileType = sourcecode.swift; path = TurboBoostView.swift; sourceTree = "<group>"; };
		B10019 /* LivePingHUDView.swift */ = {isa = PBXFileReference; lastKnownFileType = sourcecode.swift; path = LivePingHUDView.swift; sourceTree = "<group>"; };
		B10020 /* DNSOptimizerView.swift */ = {isa = PBXFileReference; lastKnownFileType = sourcecode.swift; path = DNSOptimizerView.swift; sourceTree = "<group>"; };
		B10021 /* BufferbloatView.swift */ = {isa = PBXFileReference; lastKnownFileType = sourcecode.swift; path = BufferbloatView.swift; sourceTree = "<group>"; };
		B10022 /* PCBridgeView.swift */ = {isa = PBXFileReference; lastKnownFileType = sourcecode.swift; path = PCBridgeView.swift; sourceTree = "<group>"; };
		B10023 /* NetworkDoctorView.swift */ = {isa = PBXFileReference; lastKnownFileType = sourcecode.swift; path = NetworkDoctorView.swift; sourceTree = "<group>"; };
		B10024 /* MainTabView.swift */ = {isa = PBXFileReference; lastKnownFileType = sourcecode.swift; path = MainTabView.swift; sourceTree = "<group>"; };
		B10025 /* Assets.xcassets */ = {isa = PBXFileReference; lastKnownFileType = folder.assetcatalog; path = Assets.xcassets; sourceTree = "<group>"; };
/* End PBXFileReference section */

/* Begin PBXFrameworksBuildPhase section */
		D10001 /* Frameworks */ = {
			isa = PBXFrameworksBuildPhase;
			buildActionMask = 2147483647;
			files = (
			);
			runOnlyForDeploymentPostprocessing = 0;
		};
/* End PBXFrameworksBuildPhase section */

/* Begin PBXGroup section */
		E10001 = {
			isa = PBXGroup;
			children = (
				E10002 /* WlanOptimizerIOS */,
				E10009 /* Products */,
			);
			sourceTree = "<group>";
		};
		E10002 /* WlanOptimizerIOS */ = {
			isa = PBXGroup;
			children = (
				E10003 /* App */,
				E10004 /* Models */,
				E10005 /* Services */,
				E10006 /* ViewModels */,
				E10007 /* Views */,
				E10008 /* Resources */,
			);
			path = WlanOptimizerIOS;
			sourceTree = "<group>";
		};
		E10003 /* App */ = {
			isa = PBXGroup;
			children = (
				B10001 /* WlanOptimizerIOSApp.swift */,
				B10000 /* Info.plist */,
			);
			path = App;
			sourceTree = "<group>";
		};
		E10004 /* Models */ = {
			isa = PBXGroup;
			children = (
				B10002 /* DNSProvider.swift */,
				B10003 /* PingTarget.swift */,
				B10004 /* BufferbloatResult.swift */,
				B10005 /* NetworkStats.swift */,
			);
			path = Models;
			sourceTree = "<group>";
		};
		E10005 /* Services */ = {
			isa = PBXGroup;
			children = (
				B10006 /* DNSOptimizerService.swift */,
				B10007 /* PingMonitorService.swift */,
				B10008 /* BufferbloatService.swift */,
				B10009 /* NetworkDoctorService.swift */,
				B10010 /* PCBridgeService.swift */,
			);
			path = Services;
			sourceTree = "<group>";
		};
		E10006 /* ViewModels */ = {
			isa = PBXGroup;
			children = (
				B10011 /* TurboBoostViewModel.swift */,
				B10012 /* PingHUDViewModel.swift */,
				B10013 /* DNSBenchmarkViewModel.swift */,
				B10014 /* BufferbloatViewModel.swift */,
				B10015 /* PCBridgeViewModel.swift */,
			);
			path = ViewModels;
			sourceTree = "<group>";
		};
		E10007 /* Views */ = {
			isa = PBXGroup;
			children = (
				E10010 /* Components */,
				B10024 /* MainTabView.swift */,
				B10018 /* TurboBoostView.swift */,
				B10019 /* LivePingHUDView.swift */,
				B10020 /* DNSOptimizerView.swift */,
				B10021 /* BufferbloatView.swift */,
				B10022 /* PCBridgeView.swift */,
				B10023 /* NetworkDoctorView.swift */,
			);
			path = Views;
			sourceTree = "<group>";
		};
		E10010 /* Components */ = {
			isa = PBXGroup;
			children = (
				B10016 /* GlassCard.swift */,
				B10017 /* GaugeRingView.swift */,
			);
			path = Components;
			sourceTree = "<group>";
		};
		E10008 /* Resources */ = {
			isa = PBXGroup;
			children = (
				B10025 /* Assets.xcassets */,
			);
			path = Resources;
			sourceTree = "<group>";
		};
		E10009 /* Products */ = {
			isa = PBXGroup;
			children = (
				C10001 /* WlanOptimizerIOS.app */,
			);
			name = Products;
			sourceTree = "<group>";
		};
/* End PBXGroup section */

/* Begin PBXNativeTarget section */
		F10001 /* WlanOptimizerIOS */ = {
			isa = PBXNativeTarget;
			buildConfigurationList = G10001 /* Build configuration list for PBXNativeTarget "WlanOptimizerIOS" */;
			buildPhases = (
				D10002 /* Sources */,
				D10001 /* Frameworks */,
				D10003 /* Resources */,
			);
			buildRules = (
			);
			dependencies = (
			);
			name = WlanOptimizerIOS;
			productName = WlanOptimizerIOS;
			productReference = C10001 /* WlanOptimizerIOS.app */;
			productType = "com.apple.product-type.application";
		};
/* End PBXNativeTarget section */

/* Begin PBXProject section */
		H10001 /* Project object */ = {
			isa = PBXProject;
			attributes = {
				BuildIndependentTargetsInParallel = 1;
				LastSwiftUpdateCheck = 1500;
				LastUpgradeCheck = 1500;
				TargetAttributes = {
					F10001 = {
						CreatedOnToolsVersion = 15.0;
					};
				};
			};
			buildConfigurationList = G10002 /* Build configuration list for PBXProject "WlanOptimizerIOS" */;
			compatibilityVersion = "Xcode 14.0";
			developmentRegion = en;
			hasScannedForEncodings = 0;
			knownRegions = (
				en,
				Base,
			);
			mainGroup = E10001;
			productRefGroup = E10009 /* Products */;
			projectDirPath = "";
			projectRoot = "";
			targets = (
				F10001 /* WlanOptimizerIOS */,
			);
		};
/* End PBXProject section */

/* Begin PBXResourcesBuildPhase section */
		D10003 /* Resources */ = {
			isa = PBXResourcesBuildPhase;
			buildActionMask = 2147483647;
			files = (
				A10025 /* Assets.xcassets in Resources */,
			);
			runOnlyForDeploymentPostprocessing = 0;
		};
/* End PBXResourcesBuildPhase section */

/* Begin PBXSourcesBuildPhase section */
		D10002 /* Sources */ = {
			isa = PBXSourcesBuildPhase;
			buildActionMask = 2147483647;
			files = (
				A10001 /* WlanOptimizerIOSApp.swift in Sources */,
				A10002 /* DNSProvider.swift in Sources */,
				A10003 /* PingTarget.swift in Sources */,
				A10004 /* BufferbloatResult.swift in Sources */,
				A10005 /* NetworkStats.swift in Sources */,
				A10006 /* DNSOptimizerService.swift in Sources */,
				A10007 /* PingMonitorService.swift in Sources */,
				A10008 /* BufferbloatService.swift in Sources */,
				A10009 /* NetworkDoctorService.swift in Sources */,
				A10010 /* PCBridgeService.swift in Sources */,
				A10011 /* TurboBoostViewModel.swift in Sources */,
				A10012 /* PingHUDViewModel.swift in Sources */,
				A10013 /* DNSBenchmarkViewModel.swift in Sources */,
				A10014 /* BufferbloatViewModel.swift in Sources */,
				A10015 /* PCBridgeViewModel.swift in Sources */,
				A10016 /* GlassCard.swift in Sources */,
				A10017 /* GaugeRingView.swift in Sources */,
				A10018 /* TurboBoostView.swift in Sources */,
				A10019 /* LivePingHUDView.swift in Sources */,
				A10020 /* DNSOptimizerView.swift in Sources */,
				A10021 /* BufferbloatView.swift in Sources */,
				A10022 /* PCBridgeView.swift in Sources */,
				A10023 /* NetworkDoctorView.swift in Sources */,
				A10024 /* MainTabView.swift in Sources */,
			);
			runOnlyForDeploymentPostprocessing = 0;
		};
/* End PBXSourcesBuildPhase section */

/* Begin XCBuildConfiguration section */
		I10001 /* Debug */ = {
			isa = XCBuildConfiguration;
			buildSettings = {
				ALWAYS_SEARCH_USER_PATHS = NO;
				CLANG_ANALYZER_NONNULL = YES;
				CLANG_ANALYZER_NUMBER_OBJECT_CONVERSION = YES_AGGRESSIVE;
				CLANG_CXX_LANGUAGE_STANDARD = "gnu++20";
				CLANG_ENABLE_MODULES = YES;
				CLANG_ENABLE_OBJC_ARC = YES;
				CLANG_ENABLE_OBJC_WEAK = YES;
				CLANG_WARN_BLOCK_CAPTURE_AUTORELEASING = YES;
				CLANG_WARN_BOOL_CONVERSION = YES;
				CLANG_WARN_COMMA = YES;
				CLANG_WARN_CONSTANT_CONVERSION = YES;
				CLANG_WARN_DEPRECATED_OBJC_IMPLEMENTATIONS = YES;
				CLANG_WARN_DIRECT_OBJC_ISA_USAGE = YES_ERROR;
				CLANG_WARN_DOCUMENTATION_COMMENTS = YES;
				CLANG_WARN_EMPTY_BODY = YES;
				CLANG_WARN_ENUM_CONVERSION = YES;
				CLANG_WARN_INFINITE_RECURSION = YES;
				CLANG_WARN_INT_CONVERSION = YES;
				CLANG_WARN_NON_LITERAL_NULL_CONVERSION = YES;
				CLANG_WARN_OBJC_IMPLICIT_RETAIN_SELF = YES;
				CLANG_WARN_OBJC_LITERAL_CONVERSION = YES;
				CLANG_WARN_OBJC_ROOT_CLASS = YES_ERROR;
				CLANG_WARN_QUOTED_INCLUDE_IN_FRAMEWORK_HEADER = YES;
				CLANG_WARN_RANGE_LOOP_ANALYSIS = YES;
				CLANG_WARN_STRICT_PROTOTYPES = YES;
				CLANG_WARN_SUSPICIOUS_MOVE = YES;
				CLANG_WARN_UNGUARDED_AVAILABILITY = YES_AGGRESSIVE;
				CLANG_WARN_UNREACHABLE_CODE = YES;
				CLANG_WARN__DUPLICATE_METHOD_MATCH = YES;
				COPY_PHASE_STRIP = NO;
				DEBUG_INFORMATION_FORMAT = dwarf;
				ENABLE_STRICT_OBJC_MSGSEND = YES;
				ENABLE_TESTABILITY = YES;
				ENABLE_USER_SCRIPT_SANDBOXING = YES;
				GCC_C_LANGUAGE_STANDARD = gnu11;
				GCC_DYNAMIC_NO_PIC = NO;
				GCC_NO_COMMON_BLOCKS = YES;
				GCC_OPTIMIZATION_LEVEL = 0;
				GCC_PREPROCESSOR_DEFINITIONS = (
					"DEBUG=1",
					"$(inherited)",
				);
				GCC_WARN_64_TO_32_BIT_CONVERSION = YES;
				GCC_WARN_ABOUT_RETURN_TYPE = YES_ERROR;
				GCC_WARN_UNDEFINED_VARIABLES = YES;
				GCC_WARN_UNUSED_FUNCTION = YES;
				GCC_WARN_UNUSED_VARIABLE = YES;
				IPHONEOS_DEPLOYMENT_TARGET = 16.0;
				MTL_ENABLE_DEBUG_INFO = INCLUDE_SOURCE;
				MTL_FAST_MATH = YES;
				ONLY_ACTIVE_ARCH = YES;
				SDKROOT = iphoneos;
				SWIFT_ACTIVE_COMPILATION_CONDITIONS = DEBUG;
				SWIFT_OPTIMIZATION_LEVEL = "-Onone";
			};
			name = Debug;
		};
		I10002 /* Release */ = {
			isa = XCBuildConfiguration;
			buildSettings = {
				ALWAYS_SEARCH_USER_PATHS = NO;
				CLANG_ANALYZER_NONNULL = YES;
				CLANG_ANALYZER_NUMBER_OBJECT_CONVERSION = YES_AGGRESSIVE;
				CLANG_CXX_LANGUAGE_STANDARD = "gnu++20";
				CLANG_ENABLE_MODULES = YES;
				CLANG_ENABLE_OBJC_ARC = YES;
				CLANG_ENABLE_OBJC_WEAK = YES;
				CLANG_WARN_BLOCK_CAPTURE_AUTORELEASING = YES;
				CLANG_WARN_BOOL_CONVERSION = YES;
				CLANG_WARN_COMMA = YES;
				CLANG_WARN_CONSTANT_CONVERSION = YES;
				CLANG_WARN_DEPRECATED_OBJC_IMPLEMENTATIONS = YES;
				CLANG_WARN_DIRECT_OBJC_ISA_USAGE = YES_ERROR;
				CLANG_WARN_DOCUMENTATION_COMMENTS = YES;
				CLANG_WARN_EMPTY_BODY = YES;
				CLANG_WARN_ENUM_CONVERSION = YES;
				CLANG_WARN_INFINITE_RECURSION = YES;
				CLANG_WARN_INT_CONVERSION = YES;
				CLANG_WARN_NON_LITERAL_NULL_CONVERSION = YES;
				CLANG_WARN_OBJC_IMPLICIT_RETAIN_SELF = YES;
				CLANG_WARN_OBJC_LITERAL_CONVERSION = YES;
				CLANG_WARN_OBJC_ROOT_CLASS = YES_ERROR;
				CLANG_WARN_QUOTED_INCLUDE_IN_FRAMEWORK_HEADER = YES;
				CLANG_WARN_RANGE_LOOP_ANALYSIS = YES;
				CLANG_WARN_STRICT_PROTOTYPES = YES;
				CLANG_WARN_SUSPICIOUS_MOVE = YES;
				CLANG_WARN_UNGUARDED_AVAILABILITY = YES_AGGRESSIVE;
				CLANG_WARN_UNREACHABLE_CODE = YES;
				CLANG_WARN__DUPLICATE_METHOD_MATCH = YES;
				COPY_PHASE_STRIP = NO;
				DEBUG_INFORMATION_FORMAT = "dwarf-with-dsym";
				ENABLE_NS_ASSERTIONS = NO;
				ENABLE_STRICT_OBJC_MSGSEND = YES;
				ENABLE_USER_SCRIPT_SANDBOXING = YES;
				GCC_C_LANGUAGE_STANDARD = gnu11;
				GCC_NO_COMMON_BLOCKS = YES;
				GCC_WARN_64_TO_32_BIT_CONVERSION = YES;
				GCC_WARN_ABOUT_RETURN_TYPE = YES_ERROR;
				GCC_WARN_UNDEFINED_VARIABLES = YES;
				GCC_WARN_UNUSED_FUNCTION = YES;
				GCC_WARN_UNUSED_VARIABLE = YES;
				IPHONEOS_DEPLOYMENT_TARGET = 16.0;
				MTL_ENABLE_DEBUG_INFO = NO;
				MTL_FAST_MATH = YES;
				SDKROOT = iphoneos;
				SWIFT_COMPILATION_MODE = wholemodule;
				SWIFT_OPTIMIZATION_LEVEL = "-O";
				VALIDATE_PRODUCT = YES;
			};
			name = Release;
		};
		I10003 /* Debug */ = {
			isa = XCBuildConfiguration;
			buildSettings = {
				
				ASSETCATALOG_COMPILER_GLOBAL_ACCENT_COLOR_NAME = AccentColor;
				CODE_SIGN_STYLE = Automatic;
				CURRENT_PROJECT_VERSION = 1;
				DEVELOPMENT_ASSET_PATHS = "";
				ENABLE_PREVIEWS = YES;
				GENERATE_INFOPLIST_FILE = NO;
				INFOPLIST_FILE = WlanOptimizerIOS/App/Info.plist;
				INFOPLIST_KEY_UIApplicationSceneManifest_Generation = YES;
				INFOPLIST_KEY_UIApplicationSupportsIndirectInputEvents = YES;
				INFOPLIST_KEY_UILaunchScreen_Generation = YES;
				INFOPLIST_KEY_UISupportedInterfaceOrientations_iPad = "UIInterfaceOrientationPortrait UIInterfaceOrientationPortraitUpsideDown UIInterfaceOrientationLandscapeLeft UIInterfaceOrientationLandscapeRight";
				INFOPLIST_KEY_UISupportedInterfaceOrientations_iPhone = "UIInterfaceOrientationPortrait";
				LD_RUNPATH_SEARCH_PATHS = (
					"$(inherited)",
					"@executable_path/Frameworks",
				);
				MARKETING_VERSION = 1.0;
				PRODUCT_BUNDLE_IDENTIFIER = com.wlanoptimizer.ios;
				PRODUCT_NAME = "$(TARGET_NAME)";
				SWIFT_EMIT_LOC_STRINGS = YES;
				SWIFT_VERSION = 5.0;
				TARGETED_DEVICE_FAMILY = "1,2";
			};
			name = Debug;
		};
		I10004 /* Release */ = {
			isa = XCBuildConfiguration;
			buildSettings = {
				
				ASSETCATALOG_COMPILER_GLOBAL_ACCENT_COLOR_NAME = AccentColor;
				CODE_SIGN_STYLE = Automatic;
				CURRENT_PROJECT_VERSION = 1;
				DEVELOPMENT_ASSET_PATHS = "";
				ENABLE_PREVIEWS = YES;
				GENERATE_INFOPLIST_FILE = NO;
				INFOPLIST_FILE = WlanOptimizerIOS/App/Info.plist;
				INFOPLIST_KEY_UIApplicationSceneManifest_Generation = YES;
				INFOPLIST_KEY_UIApplicationSupportsIndirectInputEvents = YES;
				INFOPLIST_KEY_UILaunchScreen_Generation = YES;
				INFOPLIST_KEY_UISupportedInterfaceOrientations_iPad = "UIInterfaceOrientationPortrait UIInterfaceOrientationPortraitUpsideDown UIInterfaceOrientationLandscapeLeft UIInterfaceOrientationLandscapeRight";
				INFOPLIST_KEY_UISupportedInterfaceOrientations_iPhone = "UIInterfaceOrientationPortrait";
				LD_RUNPATH_SEARCH_PATHS = (
					"$(inherited)",
					"@executable_path/Frameworks",
				);
				MARKETING_VERSION = 1.0;
				PRODUCT_BUNDLE_IDENTIFIER = com.wlanoptimizer.ios;
				PRODUCT_NAME = "$(TARGET_NAME)";
				SWIFT_EMIT_LOC_STRINGS = YES;
				SWIFT_VERSION = 5.0;
				TARGETED_DEVICE_FAMILY = "1,2";
			};
			name = Release;
		};
/* End XCBuildConfiguration section */

/* Begin XCConfigurationList section */
		G10001 /* Build configuration list for PBXNativeTarget "WlanOptimizerIOS" */ = {
			isa = XCConfigurationList;
			buildConfigurations = (
				I10003 /* Debug */,
				I10004 /* Release */,
			);
			defaultConfigurationIsVisible = 0;
			defaultConfigurationName = Release;
		};
		G10002 /* Build configuration list for PBXProject "WlanOptimizerIOS" */ = {
			isa = XCConfigurationList;
			buildConfigurations = (
				I10001 /* Debug */,
				I10002 /* Release */,
			);
			defaultConfigurationIsVisible = 0;
			defaultConfigurationName = Release;
		};
/* End XCConfigurationList section */

	};
	rootObject = H10001 /* Project object */;
}
